// !$*UTF8*$!
{
	archiveVersion = 1;
	classes = {
	};
	objectVersion = 56;
	objects = {

/* Begin PBXBuildFile section */
		A10000000000000000000001 /* AppDelegate.mm in Sources */ = {isa = PBXBuildFile; fileRef = A20000000000000000000001 /* AppDelegate.mm */; };
		A10000000000000000000002 /* BoostTests.cpp in Sources */ = {isa = PBXBuildFile; fileRef = A20000000000000000000002 /* BoostTests.cpp */; };
		BF5B2E24302990E500DA7BF7 /* CoreGraphics.framework in Frameworks */ = {isa = PBXBuildFile; fileRef = BF5B2E23302990E500DA7BF7 /* CoreGraphics.framework */; };
		BF5B2E283029EF2300DA7BF7 /* boost.xcframework in Frameworks */ = {isa = PBXBuildFile; fileRef = BF5B2E273029EF2300DA7BF7 /* boost.xcframework */; };
		BF5B2E2A3029EF9700DA7BF7 /* libiconv.tbd in Frameworks */ = {isa = PBXBuildFile; fileRef = BF5B2E293029EF9700DA7BF7 /* libiconv.tbd */; };
		BF5B2E2C3029F1A800DA7BF7 /* UIKit.framework in Frameworks */ = {isa = PBXBuildFile; fileRef = BF5B2E2B3029F1A800DA7BF7 /* UIKit.framework */; };
/* End PBXBuildFile section */

/* Begin PBXFileReference section */
		A20000000000000000000001 /* AppDelegate.mm */ = {isa = PBXFileReference; lastKnownFileType = sourcecode.cpp.objcpp; path = AppDelegate.mm; sourceTree = "<group>"; };
		A20000000000000000000002 /* BoostTests.cpp */ = {isa = PBXFileReference; lastKnownFileType = sourcecode.cpp.cpp; path = BoostTests.cpp; sourceTree = "<group>"; };
		A20000000000000000000003 /* BoostTests.hpp */ = {isa = PBXFileReference; lastKnownFileType = sourcecode.cpp.h; path = BoostTests.hpp; sourceTree = "<group>"; };
		A20000000000000000000005 /* Info.plist */ = {isa = PBXFileReference; lastKnownFileType = text.plist.xml; path = Info.plist; sourceTree = "<group>"; };
		A20000000000000000000006 /* ofxiOSBoostContextExample.app */ = {isa = PBXFileReference; explicitFileType = wrapper.application; includeInIndex = 0; path = ofxiOSBoostContextExample.app; sourceTree = BUILT_PRODUCTS_DIR; };
		BF5B2E23302990E500DA7BF7 /* CoreGraphics.framework */ = {isa = PBXFileReference; lastKnownFileType = wrapper.framework; name = CoreGraphics.framework; path = System/Library/Frameworks/CoreGraphics.framework; sourceTree = SDKROOT; };
		BF5B2E273029EF2300DA7BF7 /* boost.xcframework */ = {isa = PBXFileReference; lastKnownFileType = wrapper.xcframework; name = boost.xcframework; path = ../libs/boost/ios/boost.xcframework; sourceTree = SOURCE_ROOT; };
		BF5B2E293029EF9700DA7BF7 /* libiconv.tbd */ = {isa = PBXFileReference; lastKnownFileType = "sourcecode.text-based-dylib-definition"; name = libiconv.tbd; path = usr/lib/libiconv.tbd; sourceTree = SDKROOT; };
		BF5B2E2B3029F1A800DA7BF7 /* UIKit.framework */ = {isa = PBXFileReference; lastKnownFileType = wrapper.framework; name = UIKit.framework; path = Platforms/iPhoneOS.platform/Developer/SDKs/iPhoneOS26.5.sdk/System/Library/Frameworks/UIKit.framework; sourceTree = DEVELOPER_DIR; };
/* End PBXFileReference section */

/* Begin PBXFrameworksBuildPhase section */
		A40000000000000000000001 /* Frameworks */ = {
			isa = PBXFrameworksBuildPhase;
			buildActionMask = 2147483647;
			files = (
				BF5B2E2C3029F1A800DA7BF7 /* UIKit.framework in Frameworks */,
				BF5B2E2A3029EF9700DA7BF7 /* libiconv.tbd in Frameworks */,
				BF5B2E24302990E500DA7BF7 /* CoreGraphics.framework in Frameworks */,
				BF5B2E283029EF2300DA7BF7 /* boost.xcframework in Frameworks */,
			);
			runOnlyForDeploymentPostprocessing = 0;
		};
/* End PBXFrameworksBuildPhase section */

/* Begin PBXGroup section */
		A30000000000000000000001 = {
			isa = PBXGroup;
			children = (
				A20000000000000000000001 /* AppDelegate.mm */,
				A20000000000000000000002 /* BoostTests.cpp */,
				A20000000000000000000003 /* BoostTests.hpp */,
				A20000000000000000000005 /* Info.plist */,
				BF5B2E203029909900DA7BF7 /* Frameworks */,
				A30000000000000000000002 /* Products */,
			);
			sourceTree = "<group>";
		};
		A30000000000000000000002 /* Products */ = {
			isa = PBXGroup;
			children = (
				A20000000000000000000006 /* ofxiOSBoostContextExample.app */,
			);
			name = Products;
			sourceTree = "<group>";
		};
		BF5B2E203029909900DA7BF7 /* Frameworks */ = {
			isa = PBXGroup;
			children = (
				BF5B2E2B3029F1A800DA7BF7 /* UIKit.framework */,
				BF5B2E293029EF9700DA7BF7 /* libiconv.tbd */,
				BF5B2E23302990E500DA7BF7 /* CoreGraphics.framework */,
				BF5B2E273029EF2300DA7BF7 /* boost.xcframework */,
			);
			name = Frameworks;
			sourceTree = "<group>";
		};
/* End PBXGroup section */

/* Begin PBXNativeTarget section */
		A50000000000000000000001 /* ofxiOSBoostContextExample */ = {
			isa = PBXNativeTarget;
			buildConfigurationList = A60000000000000000000002 /* Build configuration list for PBXNativeTarget "ofxiOSBoostContextExample" */;
			buildPhases = (
				A40000000000000000000002 /* Sources */,
				A40000000000000000000001 /* Frameworks */,
				A40000000000000000000003 /* Resources */,
			);
			buildRules = (
			);
			dependencies = (
			);
			name = ofxiOSBoostContextExample;
			productName = ofxiOSBoostContextExample;
			productReference = A20000000000000000000006 /* ofxiOSBoostContextExample.app */;
			productType = "com.apple.product-type.application";
		};
/* End PBXNativeTarget section */

/* Begin PBXProject section */
		A70000000000000000000001 /* Project object */ = {
			isa = PBXProject;
			attributes = {
				BuildIndependentTargetsInParallel = YES;
				LastUpgradeCheck = 1600;
				TargetAttributes = {
					A50000000000000000000001 = {
						CreatedOnToolsVersion = 16.0;
					};
				};
			};
			buildConfigurationList = A60000000000000000000001 /* Build configuration list for PBXProject "ofxiOSBoostContextExample" */;
			compatibilityVersion = "Xcode 14.0";
			developmentRegion = en;
			hasScannedForEncodings = 0;
			knownRegions = (
				en,
				Base,
			);
			mainGroup = A30000000000000000000001;
			productRefGroup = A30000000000000000000002 /* Products */;
			projectDirPath = "";
			projectRoot = "";
			targets = (
				A50000000000000000000001 /* ofxiOSBoostContextExample */,
			);
		};
/* End PBXProject section */

/* Begin PBXResourcesBuildPhase section */
		A40000000000000000000003 /* Resources */ = {
			isa = PBXResourcesBuildPhase;
			buildActionMask = 2147483647;
			files = (
			);
			runOnlyForDeploymentPostprocessing = 0;
		};
/* End PBXResourcesBuildPhase section */

/* Begin PBXSourcesBuildPhase section */
		A40000000000000000000002 /* Sources */ = {
			isa = PBXSourcesBuildPhase;
			buildActionMask = 2147483647;
			files = (
				A10000000000000000000001 /* AppDelegate.mm in Sources */,
				A10000000000000000000002 /* BoostTests.cpp in Sources */,
			);
			runOnlyForDeploymentPostprocessing = 0;
		};
/* End PBXSourcesBuildPhase section */

/* Begin XCBuildConfiguration section */
		A80000000000000000000001 /* Debug */ = {
			isa = XCBuildConfiguration;
			buildSettings = {
				CLANG_CXX_LANGUAGE_STANDARD = "c++17";
				CLANG_CXX_LIBRARY = "libc++";
				GCC_C_LANGUAGE_STANDARD = gnu11;
			};
			name = Debug;
		};
		A80000000000000000000002 /* Release */ = {
			isa = XCBuildConfiguration;
			buildSettings = {
				CLANG_CXX_LANGUAGE_STANDARD = "c++17";
				CLANG_CXX_LIBRARY = "libc++";
				GCC_C_LANGUAGE_STANDARD = gnu11;
			};
			name = Release;
		};
		A80000000000000000000003 /* Debug */ = {
			isa = XCBuildConfiguration;
			buildSettings = {
				CODE_SIGN_IDENTITY = "Apple Development";
				CODE_SIGN_STYLE = Automatic;
				DEVELOPMENT_TEAM = "";
				GENERATE_INFOPLIST_FILE = NO;
				INFOPLIST_FILE = Info.plist;
				IPHONEOS_DEPLOYMENT_TARGET = 12.0;
				LD_RUNPATH_SEARCH_PATHS = (
					"$(inherited)",
					"@executable_path/Frameworks",
				);
				OTHER_LDFLAGS = (
					"$(inherited)",
					"-liconv",
				);
				PRODUCT_BUNDLE_IDENTIFIER = org.openframeworks.ofxiOSBoostContextExample;
				PRODUCT_NAME = "$(TARGET_NAME)";
				PROVISIONING_PROFILE_SPECIFIER = "";
				SDKROOT = iphoneos;
				SUPPORTED_PLATFORMS = "iphoneos iphonesimulator";
				TARGETED_DEVICE_FAMILY = "1,2";
			};
			name = Debug;
		};
		A80000000000000000000004 /* Release */ = {
			isa = XCBuildConfiguration;
			buildSettings = {
				CODE_SIGN_IDENTITY = "Apple Development";
				CODE_SIGN_STYLE = Automatic;
				DEVELOPMENT_TEAM = "";
				GENERATE_INFOPLIST_FILE = NO;
				INFOPLIST_FILE = Info.plist;
				IPHONEOS_DEPLOYMENT_TARGET = 12.0;
				LD_RUNPATH_SEARCH_PATHS = (
					"$(inherited)",
					"@executable_path/Frameworks",
				);
				OTHER_LDFLAGS = (
					"$(inherited)",
					"-liconv",
				);
				PRODUCT_BUNDLE_IDENTIFIER = org.openframeworks.ofxiOSBoostContextExample;
				PRODUCT_NAME = "$(TARGET_NAME)";
				PROVISIONING_PROFILE_SPECIFIER = "";
				SDKROOT = iphoneos;
				SUPPORTED_PLATFORMS = "iphoneos iphonesimulator";
				TARGETED_DEVICE_FAMILY = "1,2";
			};
			name = Release;
		};
/* End XCBuildConfiguration section */

/* Begin XCConfigurationList section */
		A60000000000000000000001 /* Build configuration list for PBXProject "ofxiOSBoostContextExample" */ = {
			isa = XCConfigurationList;
			buildConfigurations = (
				A80000000000000000000001 /* Debug */,
				A80000000000000000000002 /* Release */,
			);
			defaultConfigurationIsVisible = 0;
			defaultConfigurationName = Release;
		};
		A60000000000000000000002 /* Build configuration list for PBXNativeTarget "ofxiOSBoostContextExample" */ = {
			isa = XCConfigurationList;
			buildConfigurations = (
				A80000000000000000000003 /* Debug */,
				A80000000000000000000004 /* Release */,
			);
			defaultConfigurationIsVisible = 0;
			defaultConfigurationName = Release;
		};
/* End XCConfigurationList section */
	};
	rootObject = A70000000000000000000001 /* Project object */;
}
